packages:
  - name: codegen
    package: dbt-labs/codegen
    version: 0.14.0
  - name: dbt_project_evaluator
    package: dbt-labs/dbt_project_evaluator
    version: 1.2.4
  - name: dbt_utils
    package: dbt-labs/dbt_utils
    version: 1.3.3
  - name: audit_helper
    package: dbt-labs/audit_helper
    version: 0.13.0
sha1_hash: 1ffe7d535c26ac652c061538d8dc296c5d6b58e3
